
Microsoft Visual Studio Solution File, Format Version 12.00
# Visual Studio Version 17
VisualStudioVersion = 17.3.32811.315
MinimumVisualStudioVersion = 10.0.40219.1
Project("{9A19103F-16F7-4668-BE54-9A1E7A4F7556}") = "EventPLanningAPI", "EventPLanningAPI\EventPLanningAPI.csproj", "{8BF3FD8A-1FA5-4542-9C44-10243C6A9935}"
EndProject
Global
	GlobalSection(SolutionConfigurationPlatforms) = preSolution
		Debug|Any CPU = Debug|Any CPU
		Release|Any CPU = Release|Any CPU
	EndGlobalSection
	GlobalSection(ProjectConfigurationPlatforms) = postSolution
		{8BF3FD8A-1FA5-4542-9C44-10243C6A9935}.Debug|Any CPU.ActiveCfg = Debug|Any CPU
		{8BF3FD8A-1FA5-4542-9C44-10243C6A9935}.Debug|Any CPU.Build.0 = Debug|Any CPU
		{8BF3FD8A-1FA5-4542-9C44-10243C6A9935}.Release|Any CPU.ActiveCfg = Release|Any CPU
		{8BF3FD8A-1FA5-4542-9C44-10243C6A9935}.Release|Any CPU.Build.0 = Release|Any CPU
	EndGlobalSection
	GlobalSection(SolutionProperties) = preSolution
		HideSolutionNode = FALSE
	EndGlobalSection
	GlobalSection(ExtensibilityGlobals) = postSolution
		SolutionGuid = {838EA123-D406-4CA7-BBDB-5B08BA9513EA}
	EndGlobalSection
EndGlobal
